
Microsoft Visual Studio Solution File, Format Version 12.00
# Visual Studio Version 16
VisualStudioVersion = 16.0.29709.97
MinimumVisualStudioVersion = 10.0.40219.1
Project("{FAE04EC0-301F-11D3-BF4B-00C04F79EFBC}") = "2048", "2048\2048.csproj", "{CCA1DDDB-66C1-4817-B53E-D767F22A3C88}"
EndProject
Global
	GlobalSection(SolutionConfigurationPlatforms) = preSolution
		Debug|Any CPU = Debug|Any CPU
		Release|Any CPU = Release|Any CPU
	EndGlobalSection
	GlobalSection(ProjectConfigurationPlatforms) = postSolution
		{CCA1DDDB-66C1-4817-B53E-D767F22A3C88}.Debug|Any CPU.ActiveCfg = Debug|Any CPU
		{CCA1DDDB-66C1-4817-B53E-D767F22A3C88}.Debug|Any CPU.Build.0 = Debug|Any CPU
		{CCA1DDDB-66C1-4817-B53E-D767F22A3C88}.Release|Any CPU.ActiveCfg = Release|Any CPU
		{CCA1DDDB-66C1-4817-B53E-D767F22A3C88}.Release|Any CPU.Build.0 = Release|Any CPU
	EndGlobalSection
	GlobalSection(SolutionProperties) = preSolution
		HideSolutionNode = FALSE
	EndGlobalSection
	GlobalSection(ExtensibilityGlobals) = postSolution
		SolutionGuid = {CA49B4B4-CA17-4654-A61A-88831A527D88}
	EndGlobalSection
EndGlobal
